
Microsoft Visual Studio Solution File, Format Version 12.00
# Visual Studio Version 17
VisualStudioVersion = 17.14.36119.2 d17.14
MinimumVisualStudioVersion = 10.0.40219.1
Project("{FAE04EC0-301F-11D3-BF4B-00C04F79EFBC}") = "ResumeScannerAPI", "ResumeScannerAPI\ResumeScannerAPI.csproj", "{B756F5B2-5452-4622-86E1-811C75E62BBA}"
EndProject
Global
	GlobalSection(SolutionConfigurationPlatforms) = preSolution
		Debug|Any CPU = Debug|Any CPU
		Release|Any CPU = Release|Any CPU
	EndGlobalSection
	GlobalSection(ProjectConfigurationPlatforms) = postSolution
		{B756F5B2-5452-4622-86E1-811C75E62BBA}.Debug|Any CPU.ActiveCfg = Debug|Any CPU
		{B756F5B2-5452-4622-86E1-811C75E62BBA}.Debug|Any CPU.Build.0 = Debug|Any CPU
		{B756F5B2-5452-4622-86E1-811C75E62BBA}.Release|Any CPU.ActiveCfg = Release|Any CPU
		{B756F5B2-5452-4622-86E1-811C75E62BBA}.Release|Any CPU.Build.0 = Release|Any CPU
	EndGlobalSection
	GlobalSection(SolutionProperties) = preSolution
		HideSolutionNode = FALSE
	EndGlobalSection
	GlobalSection(ExtensibilityGlobals) = postSolution
		SolutionGuid = {1FD94746-B684-4F17-92E1-A9766A8DE0C2}
	EndGlobalSection
EndGlobal
